# DO NOT EDIT MANUALLY - Managed by Fern Replay
version: "1.0"
generations:
  - commit_sha: d07bcd411d42e3c1d2fead8958f8b2fa91f705b9
    tree_hash: 0463ae934d78b0c23097d8ec50086f53928cf0c4
    timestamp: 2026-09-17T08:25:57.635Z
    cli_version: unknown
    generator_versions: {}
current_generation: d07bcd411d42e3c1d2fead8958f8b2fa91f705b9
patches: []
